// !$*UTF8*$!
{
	archiveVersion = 1;
	classes = {
	};
	objectVersion = 50;
	objects = {

/* Begin PBXBuildFile section */
		B417340A1E1786AEA7127274 /* Pods_pixel_city.framework in Frameworks */ = {isa = PBXBuildFile; fileRef = 88F67216A140780430D3C7B5 /* Pods_pixel_city.framework */; };
		B45C0E6E217DD70400253A85 /* PopVC.swift in Sources */ = {isa = PBXBuildFile; fileRef = B45C0E6D217DD70400253A85 /* PopVC.swift */; };
		B49DF6BA2177EA1B0089F5B7 /* PhotoCell.swift in Sources */ = {isa = PBXBuildFile; fileRef = B49DF6B92177EA1B0089F5B7 /* PhotoCell.swift */; };
		B49DF6BC2177F1990089F5B7 /* Constants.swift in Sources */ = {isa = PBXBuildFile; fileRef = B49DF6BB2177F1990089F5B7 /* Constants.swift */; };
		B4A132042172A5410087C836 /* DropabblePin.swift in Sources */ = {isa = PBXBuildFile; fileRef = B4A132032172A5410087C836 /* DropabblePin.swift */; };
		B4F2D5B821728465000D5A74 /* AppDelegate.swift in Sources */ = {isa = PBXBuildFile; fileRef = B4F2D5B721728465000D5A74 /* AppDelegate.swift */; };
		B4F2D5BA21728465000D5A74 /* MapVC.swift in Sources */ = {isa = PBXBuildFile; fileRef = B4F2D5B921728465000D5A74 /* MapVC.swift */; };
		B4F2D5BD21728465000D5A74 /* Main.storyboard in Resources */ = {isa = PBXBuildFile; fileRef = B4F2D5BB21728465000D5A74 /* Main.storyboard */; };
		B4F2D5BF21728466000D5A74 /* Assets.xcassets in Resources */ = {isa = PBXBuildFile; fileRef = B4F2D5BE21728466000D5A74 /* Assets.xcassets */; };
		B4F2D5C221728466000D5A74 /* LaunchScreen.storyboard in Resources */ = {isa = PBXBuildFile; fileRef = B4F2D5C021728466000D5A74 /* LaunchScreen.storyboard */; };
/* End PBXBuildFile section */

/* Begin PBXFileReference section */
		161F7DA96CDA6046E2CA1EFD /* Pods-pixel-city.release.xcconfig */ = {isa = PBXFileReference; includeInIndex = 1; lastKnownFileType = text.xcconfig; name = "Pods-pixel-city.release.xcconfig"; path = "Pods/Target Support Files/Pods-pixel-city/Pods-pixel-city.release.xcconfig"; sourceTree = "<group>"; };
		88F67216A140780430D3C7B5 /* Pods_pixel_city.framework */ = {isa = PBXFileReference; explicitFileType = wrapper.framework; includeInIndex = 0; path = Pods_pixel_city.framework; sourceTree = BUILT_PRODUCTS_DIR; };
		B45C0E6D217DD70400253A85 /* PopVC.swift */ = {isa = PBXFileReference; lastKnownFileType = sourcecode.swift; path = PopVC.swift; sourceTree = "<group>"; };
		B49DF6B92177EA1B0089F5B7 /* PhotoCell.swift */ = {isa = PBXFileReference; lastKnownFileType = sourcecode.swift; path = PhotoCell.swift; sourceTree = "<group>"; };
		B49DF6BB2177F1990089F5B7 /* Constants.swift */ = {isa = PBXFileReference; lastKnownFileType = sourcecode.swift; path = Constants.swift; sourceTree = "<group>"; };
		B4A132032172A5410087C836 /* DropabblePin.swift */ = {isa = PBXFileReference; lastKnownFileType = sourcecode.swift; path = DropabblePin.swift; sourceTree = "<group>"; };
		B4F2D5B421728465000D5A74 /* pixel-city.app */ = {isa = PBXFileReference; explicitFileType = wrapper.application; includeInIndex = 0; path = "pixel-city.app"; sourceTree = BUILT_PRODUCTS_DIR; };
		B4F2D5B721728465000D5A74 /* AppDelegate.swift */ = {isa = PBXFileReference; lastKnownFileType = sourcecode.swift; path = AppDelegate.swift; sourceTree = "<group>"; };
		B4F2D5B921728465000D5A74 /* MapVC.swift */ = {isa = PBXFileReference; lastKnownFileType = sourcecode.swift; path = MapVC.swift; sourceTree = "<group>"; };
		B4F2D5BC21728465000D5A74 /* Base */ = {isa = PBXFileReference; lastKnownFileType = file.storyboard; name = Base; path = Base.lproj/Main.storyboard; sourceTree = "<group>"; };
		B4F2D5BE21728466000D5A74 /* Assets.xcassets */ = {isa = PBXFileReference; lastKnownFileType = folder.assetcatalog; path = Assets.xcassets; sourceTree = "<group>"; };
		B4F2D5C121728466000D5A74 /* Base */ = {isa = PBXFileReference; lastKnownFileType = file.storyboard; name = Base; path = Base.lproj/LaunchScreen.storyboard; sourceTree = "<group>"; };
		B4F2D5C321728466000D5A74 /* Info.plist */ = {isa = PBXFileReference; lastKnownFileType = text.plist.xml; path = Info.plist; sourceTree = "<group>"; };
		F2BD743B2B4339BF60598EC8 /* Pods-pixel-city.debug.xcconfig */ = {isa = PBXFileReference; includeInIndex = 1; lastKnownFileType = text.xcconfig; name = "Pods-pixel-city.debug.xcconfig"; path = "Pods/Target Support Files/Pods-pixel-city/Pods-pixel-city.debug.xcconfig"; sourceTree = "<group>"; };
/* End PBXFileReference section */

/* Begin PBXFrameworksBuildPhase section */
		B4F2D5B121728465000D5A74 /* Frameworks */ = {
			isa = PBXFrameworksBuildPhase;
			buildActionMask = 2147483647;
			files = (
				B417340A1E1786AEA7127274 /* Pods_pixel_city.framework in Frameworks */,
			);
			runOnlyForDeploymentPostprocessing = 0;
		};
/* End PBXFrameworksBuildPhase section */

/* Begin PBXGroup section */
		B4A131FF2172A4FE0087C836 /* Controller */ = {
			isa = PBXGroup;
			children = (
				B4F2D5B921728465000D5A74 /* MapVC.swift */,
				B45C0E6D217DD70400253A85 /* PopVC.swift */,
			);
			path = Controller;
			sourceTree = "<group>";
		};
		B4A132002172A50B0087C836 /* View */ = {
			isa = PBXGroup;
			children = (
				B4A132032172A5410087C836 /* DropabblePin.swift */,
				B49DF6B92177EA1B0089F5B7 /* PhotoCell.swift */,
			);
			path = View;
			sourceTree = "<group>";
		};
		B4A132012172A5130087C836 /* Extensions */ = {
			isa = PBXGroup;
			children = (
			);
			path = Extensions;
			sourceTree = "<group>";
		};
		B4A132022172A51D0087C836 /* Utilities */ = {
			isa = PBXGroup;
			children = (
				B49DF6BB2177F1990089F5B7 /* Constants.swift */,
			);
			path = Utilities;
			sourceTree = "<group>";
		};
		B4F2D5AB21728465000D5A74 = {
			isa = PBXGroup;
			children = (
				B4F2D5B621728465000D5A74 /* pixel-city */,
				B4F2D5B521728465000D5A74 /* Products */,
				EE24B4B8695247F4574D2289 /* Pods */,
				F4814B8386DA11A91899CB4A /* Frameworks */,
			);
			sourceTree = "<group>";
		};
		B4F2D5B521728465000D5A74 /* Products */ = {
			isa = PBXGroup;
			children = (
				B4F2D5B421728465000D5A74 /* pixel-city.app */,
			);
			name = Products;
			sourceTree = "<group>";
		};
		B4F2D5B621728465000D5A74 /* pixel-city */ = {
			isa = PBXGroup;
			children = (
				B4A132022172A51D0087C836 /* Utilities */,
				B4A132012172A5130087C836 /* Extensions */,
				B4A132002172A50B0087C836 /* View */,
				B4A131FF2172A4FE0087C836 /* Controller */,
				B4F2D5B721728465000D5A74 /* AppDelegate.swift */,
				B4F2D5BB21728465000D5A74 /* Main.storyboard */,
				B4F2D5BE21728466000D5A74 /* Assets.xcassets */,
				B4F2D5C021728466000D5A74 /* LaunchScreen.storyboard */,
				B4F2D5C321728466000D5A74 /* Info.plist */,
			);
			path = "pixel-city";
			sourceTree = "<group>";
		};
		EE24B4B8695247F4574D2289 /* Pods */ = {
			isa = PBXGroup;
			children = (
				F2BD743B2B4339BF60598EC8 /* Pods-pixel-city.debug.xcconfig */,
				161F7DA96CDA6046E2CA1EFD /* Pods-pixel-city.release.xcconfig */,
			);
			name = Pods;
			sourceTree = "<group>";
		};
		F4814B8386DA11A91899CB4A /* Frameworks */ = {
			isa = PBXGroup;
			children = (
				88F67216A140780430D3C7B5 /* Pods_pixel_city.framework */,
			);
			name = Frameworks;
			sourceTree = "<group>";
		};
/* End PBXGroup section */

/* Begin PBXNativeTarget section */
		B4F2D5B321728465000D5A74 /* pixel-city */ = {
			isa = PBXNativeTarget;
			buildConfigurationList = B4F2D5C621728466000D5A74 /* Build configuration list for PBXNativeTarget "pixel-city" */;
			buildPhases = (
				E69458F3B26D9A9EC533BD3E /* [CP] Check Pods Manifest.lock */,
				B4F2D5B021728465000D5A74 /* Sources */,
				B4F2D5B121728465000D5A74 /* Frameworks */,
				B4F2D5B221728465000D5A74 /* Resources */,
				7D3EDE471AF3E273BE49C093 /* [CP] Embed Pods Frameworks */,
			);
			buildRules = (
			);
			dependencies = (
			);
			name = "pixel-city";
			productName = "pixel-city";
			productReference = B4F2D5B421728465000D5A74 /* pixel-city.app */;
			productType = "com.apple.product-type.application";
		};
/* End PBXNativeTarget section */

/* Begin PBXProject section */
		B4F2D5AC21728465000D5A74 /* Project object */ = {
			isa = PBXProject;
			attributes = {
				LastSwiftUpdateCheck = 1000;
				LastUpgradeCheck = 1000;
				ORGANIZATIONNAME = abdulrahmanAbdou;
				TargetAttributes = {
					B4F2D5B321728465000D5A74 = {
						CreatedOnToolsVersion = 10.0;
					};
				};
			};
			buildConfigurationList = B4F2D5AF21728465000D5A74 /* Build configuration list for PBXProject "pixel-city" */;
			compatibilityVersion = "Xcode 9.3";
			developmentRegion = en;
			hasScannedForEncodings = 0;
			knownRegions = (
				en,
				Base,
			);
			mainGroup = B4F2D5AB21728465000D5A74;
			productRefGroup = B4F2D5B521728465000D5A74 /* Products */;
			projectDirPath = "";
			projectRoot = "";
			targets = (
				B4F2D5B321728465000D5A74 /* pixel-city */,
			);
		};
/* End PBXProject section */

/* Begin PBXResourcesBuildPhase section */
		B4F2D5B221728465000D5A74 /* Resources */ = {
			isa = PBXResourcesBuildPhase;
			buildActionMask = 2147483647;
			files = (
				B4F2D5C221728466000D5A74 /* LaunchScreen.storyboard in Resources */,
				B4F2D5BF21728466000D5A74 /* Assets.xcassets in Resources */,
				B4F2D5BD21728465000D5A74 /* Main.storyboard in Resources */,
			);
			runOnlyForDeploymentPostprocessing = 0;
		};
/* End PBXResourcesBuildPhase section */

/* Begin PBXShellScriptBuildPhase section */
		7D3EDE471AF3E273BE49C093 /* [CP] Embed Pods Frameworks */ = {
			isa = PBXShellScriptBuildPhase;
			buildActionMask = 2147483647;
			files = (
			);
			inputPaths = (
				"${SRCROOT}/Pods/Target Support Files/Pods-pixel-city/Pods-pixel-city-frameworks.sh",
				"${BUILT_PRODUCTS_DIR}/Alamofire/Alamofire.framework",
				"${BUILT_PRODUCTS_DIR}/AlamofireImage/AlamofireImage.framework",
			);
			name = "[CP] Embed Pods Frameworks";
			outputPaths = (
				"${TARGET_BUILD_DIR}/${FRAMEWORKS_FOLDER_PATH}/Alamofire.framework",
				"${TARGET_BUILD_DIR}/${FRAMEWORKS_FOLDER_PATH}/AlamofireImage.framework",
			);
			runOnlyForDeploymentPostprocessing = 0;
			shellPath = /bin/sh;
			shellScript = "\"${SRCROOT}/Pods/Target Support Files/Pods-pixel-city/Pods-pixel-city-frameworks.sh\"\n";
			showEnvVarsInLog = 0;
		};
		E69458F3B26D9A9EC533BD3E /* [CP] Check Pods Manifest.lock */ = {
			isa = PBXShellScriptBuildPhase;
			buildActionMask = 2147483647;
			files = (
			);
			inputPaths = (
				"${PODS_PODFILE_DIR_PATH}/Podfile.lock",
				"${PODS_ROOT}/Manifest.lock",
			);
			name = "[CP] Check Pods Manifest.lock";
			outputPaths = (
				"$(DERIVED_FILE_DIR)/Pods-pixel-city-checkManifestLockResult.txt",
			);
			runOnlyForDeploymentPostprocessing = 0;
			shellPath = /bin/sh;
			shellScript = "diff \"${PODS_PODFILE_DIR_PATH}/Podfile.lock\" \"${PODS_ROOT}/Manifest.lock\" > /dev/null\nif [ $? != 0 ] ; then\n    # print error to STDERR\n    echo \"error: The sandbox is not in sync with the Podfile.lock. Run 'pod install' or update your CocoaPods installation.\" >&2\n    exit 1\nfi\n# This output is used by Xcode 'outputs' to avoid re-running this script phase.\necho \"SUCCESS\" > \"${SCRIPT_OUTPUT_FILE_0}\"\n";
			showEnvVarsInLog = 0;
		};
/* End PBXShellScriptBuildPhase section */

/* Begin PBXSourcesBuildPhase section */
		B4F2D5B021728465000D5A74 /* Sources */ = {
			isa = PBXSourcesBuildPhase;
			buildActionMask = 2147483647;
			files = (
				B45C0E6E217DD70400253A85 /* PopVC.swift in Sources */,
				B49DF6BC2177F1990089F5B7 /* Constants.swift in Sources */,
				B49DF6BA2177EA1B0089F5B7 /* PhotoCell.swift in Sources */,
				B4F2D5BA21728465000D5A74 /* MapVC.swift in Sources */,
				B4A132042172A5410087C836 /* DropabblePin.swift in Sources */,
				B4F2D5B821728465000D5A74 /* AppDelegate.swift in Sources */,
			);
			runOnlyForDeploymentPostprocessing = 0;
		};
/* End PBXSourcesBuildPhase section */

/* Begin PBXVariantGroup section */
		B4F2D5BB21728465000D5A74 /* Main.storyboard */ = {
			isa = PBXVariantGroup;
			children = (
				B4F2D5BC21728465000D5A74 /* Base */,
			);
			name = Main.storyboard;
			sourceTree = "<group>";
		};
		B4F2D5C021728466000D5A74 /* LaunchScreen.storyboard */ = {
			isa = PBXVariantGroup;
			children = (
				B4F2D5C121728466000D5A74 /* Base */,
			);
			name = LaunchScreen.storyboard;
			sourceTree = "<group>";
		};
/* End PBXVariantGroup section */

/* Begin XCBuildConfiguration section */
		B4F2D5C421728466000D5A74 /* Debug */ = {
			isa = XCBuildConfiguration;
			buildSettings = {
				ALWAYS_SEARCH_USER_PATHS = NO;
				CLANG_ANALYZER_NONNULL = YES;
				CLANG_ANALYZER_NUMBER_OBJECT_CONVERSION = YES_AGGRESSIVE;
				CLANG_CXX_LANGUAGE_STANDARD = "gnu++14";
				CLANG_CXX_LIBRARY = "libc++";
				CLANG_ENABLE_MODULES = YES;
				CLANG_ENABLE_OBJC_ARC = YES;
				CLANG_ENABLE_OBJC_WEAK = YES;
				CLANG_WARN_BLOCK_CAPTURE_AUTORELEASING = YES;
				CLANG_WARN_BOOL_CONVERSION = YES;
				CLANG_WARN_COMMA = YES;
				CLANG_WARN_CONSTANT_CONVERSION = YES;
				CLANG_WARN_DEPRECATED_OBJC_IMPLEMENTATIONS = YES;
				CLANG_WARN_DIRECT_OBJC_ISA_USAGE = YES_ERROR;
				CLANG_WARN_DOCUMENTATION_COMMENTS = YES;
				CLANG_WARN_EMPTY_BODY = YES;
				CLANG_WARN_ENUM_CONVERSION = YES;
				CLANG_WARN_INFINITE_RECURSION = YES;
				CLANG_WARN_INT_CONVERSION = YES;
				CLANG_WARN_NON_LITERAL_NULL_CONVERSION = YES;
				CLANG_WARN_OBJC_IMPLICIT_RETAIN_SELF = YES;
				CLANG_WARN_OBJC_LITERAL_CONVERSION = YES;
				CLANG_WARN_OBJC_ROOT_CLASS = YES_ERROR;
				CLANG_WARN_RANGE_LOOP_ANALYSIS = YES;
				CLANG_WARN_STRICT_PROTOTYPES = YES;
				CLANG_WARN_SUSPICIOUS_MOVE = YES;
				CLANG_WARN_UNGUARDED_AVAILABILITY = YES_AGGRESSIVE;
				CLANG_WARN_UNREACHABLE_CODE = YES;
				CLANG_WARN__DUPLICATE_METHOD_MATCH = YES;
				CODE_SIGN_IDENTITY = "iPhone Developer";
				COPY_PHASE_STRIP = NO;
				DEBUG_INFORMATION_FORMAT = dwarf;
				ENABLE_STRICT_OBJC_MSGSEND = YES;
				ENABLE_TESTABILITY = YES;
				GCC_C_LANGUAGE_STANDARD = gnu11;
				GCC_DYNAMIC_NO_PIC = NO;
				GCC_NO_COMMON_BLOCKS = YES;
				GCC_OPTIMIZATION_LEVEL = 0;
				GCC_PREPROCESSOR_DEFINITIONS = (
					"DEBUG=1",
					"$(inherited)",
				);
				GCC_WARN_64_TO_32_BIT_CONVERSION = YES;
				GCC_WARN_ABOUT_RETURN_TYPE = YES_ERROR;
				GCC_WARN_UNDECLARED_SELECTOR = YES;
				GCC_WARN_UNINITIALIZED_AUTOS = YES_AGGRESSIVE;
				GCC_WARN_UNUSED_FUNCTION = YES;
				GCC_WARN_UNUSED_VARIABLE = YES;
				IPHONEOS_DEPLOYMENT_TARGET = 12.0;
				MTL_ENABLE_DEBUG_INFO = INCLUDE_SOURCE;
				MTL_FAST_MATH = YES;
				ONLY_ACTIVE_ARCH = YES;
				SDKROOT = iphoneos;
				SWIFT_ACTIVE_COMPILATION_CONDITIONS = DEBUG;
				SWIFT_OPTIMIZATION_LEVEL = "-Onone";
			};
			name = Debug;
		};
		B4F2D5C521728466000D5A74 /* Release */ = {
			isa = XCBuildConfiguration;
			buildSettings = {
				ALWAYS_SEARCH_USER_PATHS = NO;
				CLANG_ANALYZER_NONNULL = YES;
				CLANG_ANALYZER_NUMBER_OBJECT_CONVERSION = YES_AGGRESSIVE;
				CLANG_CXX_LANGUAGE_STANDARD = "gnu++14";
				CLANG_CXX_LIBRARY = "libc++";
				CLANG_ENABLE_MODULES = YES;
				CLANG_ENABLE_OBJC_ARC = YES;
				CLANG_ENABLE_OBJC_WEAK = YES;
				CLANG_WARN_BLOCK_CAPTURE_AUTORELEASING = YES;
				CLANG_WARN_BOOL_CONVERSION = YES;
				CLANG_WARN_COMMA = YES;
				CLANG_WARN_CONSTANT_CONVERSION = YES;
				CLANG_WARN_DEPRECATED_OBJC_IMPLEMENTATIONS = YES;
				CLANG_WARN_DIRECT_OBJC_ISA_USAGE = YES_ERROR;
				CLANG_WARN_DOCUMENTATION_COMMENTS = YES;
				CLANG_WARN_EMPTY_BODY = YES;
				CLANG_WARN_ENUM_CONVERSION = YES;
				CLANG_WARN_INFINITE_RECURSION = YES;
				CLANG_WARN_INT_CONVERSION = YES;
				CLANG_WARN_NON_LITERAL_NULL_CONVERSION = YES;
				CLANG_WARN_OBJC_IMPLICIT_RETAIN_SELF = YES;
				CLANG_WARN_OBJC_LITERAL_CONVERSION = YES;
				CLANG_WARN_OBJC_ROOT_CLASS = YES_ERROR;
				CLANG_WARN_RANGE_LOOP_ANALYSIS = YES;
				CLANG_WARN_STRICT_PROTOTYPES = YES;
				CLANG_WARN_SUSPICIOUS_MOVE = YES;
				CLANG_WARN_UNGUARDED_AVAILABILITY = YES_AGGRESSIVE;
				CLANG_WARN_UNREACHABLE_CODE = YES;
				CLANG_WARN__DUPLICATE_METHOD_MATCH = YES;
				CODE_SIGN_IDENTITY = "iPhone Developer";
				COPY_PHASE_STRIP = NO;
				DEBUG_INFORMATION_FORMAT = "dwarf-with-dsym";
				ENABLE_NS_ASSERTIONS = NO;
				ENABLE_STRICT_OBJC_MSGSEND = YES;
				GCC_C_LANGUAGE_STANDARD = gnu11;
				GCC_NO_COMMON_BLOCKS = YES;
				GCC_WARN_64_TO_32_BIT_CONVERSION = YES;
				GCC_WARN_ABOUT_RETURN_TYPE = YES_ERROR;
				GCC_WARN_UNDECLARED_SELECTOR = YES;
				GCC_WARN_UNINITIALIZED_AUTOS = YES_AGGRESSIVE;
				GCC_WARN_UNUSED_FUNCTION = YES;
				GCC_WARN_UNUSED_VARIABLE = YES;
				IPHONEOS_DEPLOYMENT_TARGET = 12.0;
				MTL_ENABLE_DEBUG_INFO = NO;
				MTL_FAST_MATH = YES;
				SDKROOT = iphoneos;
				SWIFT_COMPILATION_MODE = wholemodule;
				SWIFT_OPTIMIZATION_LEVEL = "-O";
				VALIDATE_PRODUCT = YES;
			};
			name = Release;
		};
		B4F2D5C721728466000D5A74 /* Debug */ = {
			isa = XCBuildConfiguration;
			baseConfigurationReference = F2BD743B2B4339BF60598EC8 /* Pods-pixel-city.debug.xcconfig */;
			buildSettings = {
				ASSETCATALOG_COMPILER_APPICON_NAME = AppIcon;
				CODE_SIGN_STYLE = Automatic;
				DEVELOPMENT_TEAM = 6QBV5R2H9S;
				INFOPLIST_FILE = "pixel-city/Info.plist";
				LD_RUNPATH_SEARCH_PATHS = (
					"$(inherited)",
					"@executable_path/Frameworks",
				);
				PRODUCT_BUNDLE_IDENTIFIER = "com.mycode.firebasetest.pixel-city";
				PRODUCT_NAME = "$(TARGET_NAME)";
				SWIFT_VERSION = 4.2;
				TARGETED_DEVICE_FAMILY = "1,2";
			};
			name = Debug;
		};
		B4F2D5C821728466000D5A74 /* Release */ = {
			isa = XCBuildConfiguration;
			baseConfigurationReference = 161F7DA96CDA6046E2CA1EFD /* Pods-pixel-city.release.xcconfig */;
			buildSettings = {
				ASSETCATALOG_COMPILER_APPICON_NAME = AppIcon;
				CODE_SIGN_STYLE = Automatic;
				DEVELOPMENT_TEAM = 6QBV5R2H9S;
				INFOPLIST_FILE = "pixel-city/Info.plist";
				LD_RUNPATH_SEARCH_PATHS = (
					"$(inherited)",
					"@executable_path/Frameworks",
				);
				PRODUCT_BUNDLE_IDENTIFIER = "com.mycode.firebasetest.pixel-city";
				PRODUCT_NAME = "$(TARGET_NAME)";
				SWIFT_VERSION = 4.2;
				TARGETED_DEVICE_FAMILY = "1,2";
			};
			name = Release;
		};
/* End XCBuildConfiguration section */

/* Begin XCConfigurationList section */
		B4F2D5AF21728465000D5A74 /* Build configuration list for PBXProject "pixel-city" */ = {
			isa = XCConfigurationList;
			buildConfigurations = (
				B4F2D5C421728466000D5A74 /* Debug */,
				B4F2D5C521728466000D5A74 /* Release */,
			);
			defaultConfigurationIsVisible = 0;
			defaultConfigurationName = Release;
		};
		B4F2D5C621728466000D5A74 /* Build configuration list for PBXNativeTarget "pixel-city" */ = {
			isa = XCConfigurationList;
			buildConfigurations = (
				B4F2D5C721728466000D5A74 /* Debug */,
				B4F2D5C821728466000D5A74 /* Release */,
			);
			defaultConfigurationIsVisible = 0;
			defaultConfigurationName = Release;
		};
/* End XCConfigurationList section */
	};
	rootObject = B4F2D5AC21728465000D5A74 /* Project object */;
}
